// !$*UTF8*$!
{
	archiveVersion = 1;
	classes = {
	};
	objectVersion = 48;
	objects = {

/* Begin PBXBuildFile section */
		3745E1C920169C450022C188 /* AppDelegate.swift in Sources */ = {isa = PBXBuildFile; fileRef = 3745E1C820169C450022C188 /* AppDelegate.swift */; };
		3745E1CB20169C450022C188 /* art.scnassets in Resources */ = {isa = PBXBuildFile; fileRef = 3745E1CA20169C450022C188 /* art.scnassets */; };
		3745E1CD20169C450022C188 /* ViewController.swift in Sources */ = {isa = PBXBuildFile; fileRef = 3745E1CC20169C450022C188 /* ViewController.swift */; };
		3745E1D020169C450022C188 /* Main.storyboard in Resources */ = {isa = PBXBuildFile; fileRef = 3745E1CE20169C450022C188 /* Main.storyboard */; };
		3745E1D220169C450022C188 /* Assets.xcassets in Resources */ = {isa = PBXBuildFile; fileRef = 3745E1D120169C450022C188 /* Assets.xcassets */; };
		3745E1D520169C450022C188 /* LaunchScreen.storyboard in Resources */ = {isa = PBXBuildFile; fileRef = 3745E1D320169C450022C188 /* LaunchScreen.storyboard */; };
		3745E1E020169C450022C188 /* ModelsTests.swift in Sources */ = {isa = PBXBuildFile; fileRef = 3745E1DF20169C450022C188 /* ModelsTests.swift */; };
		3745E1EB20169C450022C188 /* ModelsUITests.swift in Sources */ = {isa = PBXBuildFile; fileRef = 3745E1EA20169C450022C188 /* ModelsUITests.swift */; };
/* End PBXBuildFile section */

/* Begin PBXContainerItemProxy section */
		3745E1DC20169C450022C188 /* PBXContainerItemProxy */ = {
			isa = PBXContainerItemProxy;
			containerPortal = 3745E1BD20169C450022C188 /* Project object */;
			proxyType = 1;
			remoteGlobalIDString = 3745E1C420169C450022C188;
			remoteInfo = Models;
		};
		3745E1E720169C450022C188 /* PBXContainerItemProxy */ = {
			isa = PBXContainerItemProxy;
			containerPortal = 3745E1BD20169C450022C188 /* Project object */;
			proxyType = 1;
			remoteGlobalIDString = 3745E1C420169C450022C188;
			remoteInfo = Models;
		};
/* End PBXContainerItemProxy section */

/* Begin PBXFileReference section */
		3745E1C520169C450022C188 /* Models.app */ = {isa = PBXFileReference; explicitFileType = wrapper.application; includeInIndex = 0; path = Models.app; sourceTree = BUILT_PRODUCTS_DIR; };
		3745E1C820169C450022C188 /* AppDelegate.swift */ = {isa = PBXFileReference; lastKnownFileType = sourcecode.swift; path = AppDelegate.swift; sourceTree = "<group>"; };
		3745E1CA20169C450022C188 /* art.scnassets */ = {isa = PBXFileReference; lastKnownFileType = wrapper.scnassets; path = art.scnassets; sourceTree = "<group>"; };
		3745E1CC20169C450022C188 /* ViewController.swift */ = {isa = PBXFileReference; lastKnownFileType = sourcecode.swift; path = ViewController.swift; sourceTree = "<group>"; };
		3745E1CF20169C450022C188 /* Base */ = {isa = PBXFileReference; lastKnownFileType = file.storyboard; name = Base; path = Base.lproj/Main.storyboard; sourceTree = "<group>"; };
		3745E1D120169C450022C188 /* Assets.xcassets */ = {isa = PBXFileReference; lastKnownFileType = folder.assetcatalog; path = Assets.xcassets; sourceTree = "<group>"; };
		3745E1D420169C450022C188 /* Base */ = {isa = PBXFileReference; lastKnownFileType = file.storyboard; name = Base; path = Base.lproj/LaunchScreen.storyboard; sourceTree = "<group>"; };
		3745E1D620169C450022C188 /* Info.plist */ = {isa = PBXFileReference; lastKnownFileType = text.plist.xml; path = Info.plist; sourceTree = "<group>"; };
		3745E1DB20169C450022C188 /* ModelsTests.xctest */ = {isa = PBXFileReference; explicitFileType = wrapper.cfbundle; includeInIndex = 0; path = ModelsTests.xctest; sourceTree = BUILT_PRODUCTS_DIR; };
		3745E1DF20169C450022C188 /* ModelsTests.swift */ = {isa = PBXFileReference; lastKnownFileType = sourcecode.swift; path = ModelsTests.swift; sourceTree = "<group>"; };
		3745E1E120169C450022C188 /* Info.plist */ = {isa = PBXFileReference; lastKnownFileType = text.plist.xml; path = Info.plist; sourceTree = "<group>"; };
		3745E1E620169C450022C188 /* ModelsUITests.xctest */ = {isa = PBXFileReference; explicitFileType = wrapper.cfbundle; includeInIndex = 0; path = ModelsUITests.xctest; sourceTree = BUILT_PRODUCTS_DIR; };
		3745E1EA20169C450022C188 /* ModelsUITests.swift */ = {isa = PBXFileReference; lastKnownFileType = sourcecode.swift; path = ModelsUITests.swift; sourceTree = "<group>"; };
		3745E1EC20169C450022C188 /* Info.plist */ = {isa = PBXFileReference; lastKnownFileType = text.plist.xml; path = Info.plist; sourceTree = "<group>"; };
/* End PBXFileReference section */

/* Begin PBXFrameworksBuildPhase section */
		3745E1C220169C450022C188 /* Frameworks */ = {
			isa = PBXFrameworksBuildPhase;
			buildActionMask = 2147483647;
			files = (
			);
			runOnlyForDeploymentPostprocessing = 0;
		};
		3745E1D820169C450022C188 /* Frameworks */ = {
			isa = PBXFrameworksBuildPhase;
			buildActionMask = 2147483647;
			files = (
			);
			runOnlyForDeploymentPostprocessing = 0;
		};
		3745E1E320169C450022C188 /* Frameworks */ = {
			isa = PBXFrameworksBuildPhase;
			buildActionMask = 2147483647;
			files = (
			);
			runOnlyForDeploymentPostprocessing = 0;
		};
/* End PBXFrameworksBuildPhase section */

/* Begin PBXGroup section */
		3745E1BC20169C450022C188 = {
			isa = PBXGroup;
			children = (
				3745E1C720169C450022C188 /* Models */,
				3745E1DE20169C450022C188 /* ModelsTests */,
				3745E1E920169C450022C188 /* ModelsUITests */,
				3745E1C620169C450022C188 /* Products */,
			);
			sourceTree = "<group>";
		};
		3745E1C620169C450022C188 /* Products */ = {
			isa = PBXGroup;
			children = (
				3745E1C520169C450022C188 /* Models.app */,
				3745E1DB20169C450022C188 /* ModelsTests.xctest */,
				3745E1E620169C450022C188 /* ModelsUITests.xctest */,
			);
			name = Products;
			sourceTree = "<group>";
		};
		3745E1C720169C450022C188 /* Models */ = {
			isa = PBXGroup;
			children = (
				3745E1C820169C450022C188 /* AppDelegate.swift */,
				3745E1CA20169C450022C188 /* art.scnassets */,
				3745E1CC20169C450022C188 /* ViewController.swift */,
				3745E1CE20169C450022C188 /* Main.storyboard */,
				3745E1D120169C450022C188 /* Assets.xcassets */,
				3745E1D320169C450022C188 /* LaunchScreen.storyboard */,
				3745E1D620169C450022C188 /* Info.plist */,
			);
			path = Models;
			sourceTree = "<group>";
		};
		3745E1DE20169C450022C188 /* ModelsTests */ = {
			isa = PBXGroup;
			children = (
				3745E1DF20169C450022C188 /* ModelsTests.swift */,
				3745E1E120169C450022C188 /* Info.plist */,
			);
			path = ModelsTests;
			sourceTree = "<group>";
		};
		3745E1E920169C450022C188 /* ModelsUITests */ = {
			isa = PBXGroup;
			children = (
				3745E1EA20169C450022C188 /* ModelsUITests.swift */,
				3745E1EC20169C450022C188 /* Info.plist */,
			);
			path = ModelsUITests;
			sourceTree = "<group>";
		};
/* End PBXGroup section */

/* Begin PBXNativeTarget section */
		3745E1C420169C450022C188 /* Models */ = {
			isa = PBXNativeTarget;
			buildConfigurationList = 3745E1EF20169C450022C188 /* Build configuration list for PBXNativeTarget "Models" */;
			buildPhases = (
				3745E1C120169C450022C188 /* Sources */,
				3745E1C220169C450022C188 /* Frameworks */,
				3745E1C320169C450022C188 /* Resources */,
			);
			buildRules = (
			);
			dependencies = (
			);
			name = Models;
			productName = Models;
			productReference = 3745E1C520169C450022C188 /* Models.app */;
			productType = "com.apple.product-type.application";
		};
		3745E1DA20169C450022C188 /* ModelsTests */ = {
			isa = PBXNativeTarget;
			buildConfigurationList = 3745E1F220169C450022C188 /* Build configuration list for PBXNativeTarget "ModelsTests" */;
			buildPhases = (
				3745E1D720169C450022C188 /* Sources */,
				3745E1D820169C450022C188 /* Frameworks */,
				3745E1D920169C450022C188 /* Resources */,
			);
			buildRules = (
			);
			dependencies = (
				3745E1DD20169C450022C188 /* PBXTargetDependency */,
			);
			name = ModelsTests;
			productName = ModelsTests;
			productReference = 3745E1DB20169C450022C188 /* ModelsTests.xctest */;
			productType = "com.apple.product-type.bundle.unit-test";
		};
		3745E1E520169C450022C188 /* ModelsUITests */ = {
			isa = PBXNativeTarget;
			buildConfigurationList = 3745E1F520169C450022C188 /* Build configuration list for PBXNativeTarget "ModelsUITests" */;
			buildPhases = (
				3745E1E220169C450022C188 /* Sources */,
				3745E1E320169C450022C188 /* Frameworks */,
				3745E1E420169C450022C188 /* Resources */,
			);
			buildRules = (
			);
			dependencies = (
				3745E1E820169C450022C188 /* PBXTargetDependency */,
			);
			name = ModelsUITests;
			productName = ModelsUITests;
			productReference = 3745E1E620169C450022C188 /* ModelsUITests.xctest */;
			productType = "com.apple.product-type.bundle.ui-testing";
		};
/* End PBXNativeTarget section */

/* Begin PBXProject section */
		3745E1BD20169C450022C188 /* Project object */ = {
			isa = PBXProject;
			attributes = {
				LastSwiftUpdateCheck = 0920;
				LastUpgradeCheck = 0920;
				ORGANIZATIONNAME = "Matt Harding";
				TargetAttributes = {
					3745E1C420169C450022C188 = {
						CreatedOnToolsVersion = 9.2;
						ProvisioningStyle = Automatic;
					};
					3745E1DA20169C450022C188 = {
						CreatedOnToolsVersion = 9.2;
						ProvisioningStyle = Automatic;
						TestTargetID = 3745E1C420169C450022C188;
					};
					3745E1E520169C450022C188 = {
						CreatedOnToolsVersion = 9.2;
						ProvisioningStyle = Automatic;
						TestTargetID = 3745E1C420169C450022C188;
					};
				};
			};
			buildConfigurationList = 3745E1C020169C450022C188 /* Build configuration list for PBXProject "Models" */;
			compatibilityVersion = "Xcode 8.0";
			developmentRegion = en;
			hasScannedForEncodings = 0;
			knownRegions = (
				en,
				Base,
			);
			mainGroup = 3745E1BC20169C450022C188;
			productRefGroup = 3745E1C620169C450022C188 /* Products */;
			projectDirPath = "";
			projectRoot = "";
			targets = (
				3745E1C420169C450022C188 /* Models */,
				3745E1DA20169C450022C188 /* ModelsTests */,
				3745E1E520169C450022C188 /* ModelsUITests */,
			);
		};
/* End PBXProject section */

/* Begin PBXResourcesBuildPhase section */
		3745E1C320169C450022C188 /* Resources */ = {
			isa = PBXResourcesBuildPhase;
			buildActionMask = 2147483647;
			files = (
				3745E1CB20169C450022C188 /* art.scnassets in Resources */,
				3745E1D520169C450022C188 /* LaunchScreen.storyboard in Resources */,
				3745E1D220169C450022C188 /* Assets.xcassets in Resources */,
				3745E1D020169C450022C188 /* Main.storyboard in Resources */,
			);
			runOnlyForDeploymentPostprocessing = 0;
		};
		3745E1D920169C450022C188 /* Resources */ = {
			isa = PBXResourcesBuildPhase;
			buildActionMask = 2147483647;
			files = (
			);
			runOnlyForDeploymentPostprocessing = 0;
		};
		3745E1E420169C450022C188 /* Resources */ = {
			isa = PBXResourcesBuildPhase;
			buildActionMask = 2147483647;
			files = (
			);
			runOnlyForDeploymentPostprocessing = 0;
		};
/* End PBXResourcesBuildPhase section */

/* Begin PBXSourcesBuildPhase section */
		3745E1C120169C450022C188 /* Sources */ = {
			isa = PBXSourcesBuildPhase;
			buildActionMask = 2147483647;
			files = (
				3745E1CD20169C450022C188 /* ViewController.swift in Sources */,
				3745E1C920169C450022C188 /* AppDelegate.swift in Sources */,
			);
			runOnlyForDeploymentPostprocessing = 0;
		};
		3745E1D720169C450022C188 /* Sources */ = {
			isa = PBXSourcesBuildPhase;
			buildActionMask = 2147483647;
			files = (
				3745E1E020169C450022C188 /* ModelsTests.swift in Sources */,
			);
			runOnlyForDeploymentPostprocessing = 0;
		};
		3745E1E220169C450022C188 /* Sources */ = {
			isa = PBXSourcesBuildPhase;
			buildActionMask = 2147483647;
			files = (
				3745E1EB20169C450022C188 /* ModelsUITests.swift in Sources */,
			);
			runOnlyForDeploymentPostprocessing = 0;
		};
/* End PBXSourcesBuildPhase section */

/* Begin PBXTargetDependency section */
		3745E1DD20169C450022C188 /* PBXTargetDependency */ = {
			isa = PBXTargetDependency;
			target = 3745E1C420169C450022C188 /* Models */;
			targetProxy = 3745E1DC20169C450022C188 /* PBXContainerItemProxy */;
		};
		3745E1E820169C450022C188 /* PBXTargetDependency */ = {
			isa = PBXTargetDependency;
			target = 3745E1C420169C450022C188 /* Models */;
			targetProxy = 3745E1E720169C450022C188 /* PBXContainerItemProxy */;
		};
/* End PBXTargetDependency section */

/* Begin PBXVariantGroup section */
		3745E1CE20169C450022C188 /* Main.storyboard */ = {
			isa = PBXVariantGroup;
			children = (
				3745E1CF20169C450022C188 /* Base */,
			);
			name = Main.storyboard;
			sourceTree = "<group>";
		};
		3745E1D320169C450022C188 /* LaunchScreen.storyboard */ = {
			isa = PBXVariantGroup;
			children = (
				3745E1D420169C450022C188 /* Base */,
			);
			name = LaunchScreen.storyboard;
			sourceTree = "<group>";
		};
/* End PBXVariantGroup section */

/* Begin XCBuildConfiguration section */
		3745E1ED20169C450022C188 /* Debug */ = {
			isa = XCBuildConfiguration;
			buildSettings = {
				ALWAYS_SEARCH_USER_PATHS = NO;
				CLANG_ANALYZER_NONNULL = YES;
				CLANG_ANALYZER_NUMBER_OBJECT_CONVERSION = YES_AGGRESSIVE;
				CLANG_CXX_LANGUAGE_STANDARD = "gnu++14";
				CLANG_CXX_LIBRARY = "libc++";
				CLANG_ENABLE_MODULES = YES;
				CLANG_ENABLE_OBJC_ARC = YES;
				CLANG_WARN_BLOCK_CAPTURE_AUTORELEASING = YES;
				CLANG_WARN_BOOL_CONVERSION = YES;
				CLANG_WARN_COMMA = YES;
				CLANG_WARN_CONSTANT_CONVERSION = YES;
				CLANG_WARN_DIRECT_OBJC_ISA_USAGE = YES_ERROR;
				CLANG_WARN_DOCUMENTATION_COMMENTS = YES;
				CLANG_WARN_EMPTY_BODY = YES;
				CLANG_WARN_ENUM_CONVERSION = YES;
				CLANG_WARN_INFINITE_RECURSION = YES;
				CLANG_WARN_INT_CONVERSION = YES;
				CLANG_WARN_NON_LITERAL_NULL_CONVERSION = YES;
				CLANG_WARN_OBJC_LITERAL_CONVERSION = YES;
				CLANG_WARN_OBJC_ROOT_CLASS = YES_ERROR;
				CLANG_WARN_RANGE_LOOP_ANALYSIS = YES;
				CLANG_WARN_STRICT_PROTOTYPES = YES;
				CLANG_WARN_SUSPICIOUS_MOVE = YES;
				CLANG_WARN_UNGUARDED_AVAILABILITY = YES_AGGRESSIVE;
				CLANG_WARN_UNREACHABLE_CODE = YES;
				CLANG_WARN__DUPLICATE_METHOD_MATCH = YES;
				CODE_SIGN_IDENTITY = "iPhone Developer";
				COPY_PHASE_STRIP = NO;
				DEBUG_INFORMATION_FORMAT = dwarf;
				ENABLE_STRICT_OBJC_MSGSEND = YES;
				ENABLE_TESTABILITY = YES;
				GCC_C_LANGUAGE_STANDARD = gnu11;
				GCC_DYNAMIC_NO_PIC = NO;
				GCC_NO_COMMON_BLOCKS = YES;
				GCC_OPTIMIZATION_LEVEL = 0;
				GCC_PREPROCESSOR_DEFINITIONS = (
					"DEBUG=1",
					"$(inherited)",
				);
				GCC_WARN_64_TO_32_BIT_CONVERSION = YES;
				GCC_WARN_ABOUT_RETURN_TYPE = YES_ERROR;
				GCC_WARN_UNDECLARED_SELECTOR = YES;
				GCC_WARN_UNINITIALIZED_AUTOS = YES_AGGRESSIVE;
				GCC_WARN_UNUSED_FUNCTION = YES;
				GCC_WARN_UNUSED_VARIABLE = YES;
				IPHONEOS_DEPLOYMENT_TARGET = 11.2;
				MTL_ENABLE_DEBUG_INFO = YES;
				ONLY_ACTIVE_ARCH = YES;
				SDKROOT = iphoneos;
				SWIFT_ACTIVE_COMPILATION_CONDITIONS = DEBUG;
				SWIFT_OPTIMIZATION_LEVEL = "-Onone";
			};
			name = Debug;
		};
		3745E1EE20169C450022C188 /* Release */ = {
			isa = XCBuildConfiguration;
			buildSettings = {
				ALWAYS_SEARCH_USER_PATHS = NO;
				CLANG_ANALYZER_NONNULL = YES;
				CLANG_ANALYZER_NUMBER_OBJECT_CONVERSION = YES_AGGRESSIVE;
				CLANG_CXX_LANGUAGE_STANDARD = "gnu++14";
				CLANG_CXX_LIBRARY = "libc++";
				CLANG_ENABLE_MODULES = YES;
				CLANG_ENABLE_OBJC_ARC = YES;
				CLANG_WARN_BLOCK_CAPTURE_AUTORELEASING = YES;
				CLANG_WARN_BOOL_CONVERSION = YES;
				CLANG_WARN_COMMA = YES;
				CLANG_WARN_CONSTANT_CONVERSION = YES;
				CLANG_WARN_DIRECT_OBJC_ISA_USAGE = YES_ERROR;
				CLANG_WARN_DOCUMENTATION_COMMENTS = YES;
				CLANG_WARN_EMPTY_BODY = YES;
				CLANG_WARN_ENUM_CONVERSION = YES;
				CLANG_WARN_INFINITE_RECURSION = YES;
				CLANG_WARN_INT_CONVERSION = YES;
				CLANG_WARN_NON_LITERAL_NULL_CONVERSION = YES;
				CLANG_WARN_OBJC_LITERAL_CONVERSION = YES;
				CLANG_WARN_OBJC_ROOT_CLASS = YES_ERROR;
				CLANG_WARN_RANGE_LOOP_ANALYSIS = YES;
				CLANG_WARN_STRICT_PROTOTYPES = YES;
				CLANG_WARN_SUSPICIOUS_MOVE = YES;
				CLANG_WARN_UNGUARDED_AVAILABILITY = YES_AGGRESSIVE;
				CLANG_WARN_UNREACHABLE_CODE = YES;
				CLANG_WARN__DUPLICATE_METHOD_MATCH = YES;
				CODE_SIGN_IDENTITY = "iPhone Developer";
				COPY_PHASE_STRIP = NO;
				DEBUG_INFORMATION_FORMAT = "dwarf-with-dsym";
				ENABLE_NS_ASSERTIONS = NO;
				ENABLE_STRICT_OBJC_MSGSEND = YES;
				GCC_C_LANGUAGE_STANDARD = gnu11;
				GCC_NO_COMMON_BLOCKS = YES;
				GCC_WARN_64_TO_32_BIT_CONVERSION = YES;
				GCC_WARN_ABOUT_RETURN_TYPE = YES_ERROR;
				GCC_WARN_UNDECLARED_SELECTOR = YES;
				GCC_WARN_UNINITIALIZED_AUTOS = YES_AGGRESSIVE;
				GCC_WARN_UNUSED_FUNCTION = YES;
				GCC_WARN_UNUSED_VARIABLE = YES;
				IPHONEOS_DEPLOYMENT_TARGET = 11.2;
				MTL_ENABLE_DEBUG_INFO = NO;
				SDKROOT = iphoneos;
				SWIFT_OPTIMIZATION_LEVEL = "-Owholemodule";
				VALIDATE_PRODUCT = YES;
			};
			name = Release;
		};
		3745E1F020169C450022C188 /* Debug */ = {
			isa = XCBuildConfiguration;
			buildSettings = {
				ASSETCATALOG_COMPILER_APPICON_NAME = AppIcon;
				CODE_SIGN_STYLE = Automatic;
				DEVELOPMENT_TEAM = CW3MX3HAZP;
				INFOPLIST_FILE = Models/Info.plist;
				LD_RUNPATH_SEARCH_PATHS = "$(inherited) @executable_path/Frameworks";
				PRODUCT_BUNDLE_IDENTIFIER = com.hardingmatt.Models;
				PRODUCT_NAME = "$(TARGET_NAME)";
				SWIFT_VERSION = 4.0;
				TARGETED_DEVICE_FAMILY = "1,2";
			};
			name = Debug;
		};
		3745E1F120169C450022C188 /* Release */ = {
			isa = XCBuildConfiguration;
			buildSettings = {
				ASSETCATALOG_COMPILER_APPICON_NAME = AppIcon;
				CODE_SIGN_STYLE = Automatic;
				DEVELOPMENT_TEAM = CW3MX3HAZP;
				INFOPLIST_FILE = Models/Info.plist;
				LD_RUNPATH_SEARCH_PATHS = "$(inherited) @executable_path/Frameworks";
				PRODUCT_BUNDLE_IDENTIFIER = com.hardingmatt.Models;
				PRODUCT_NAME = "$(TARGET_NAME)";
				SWIFT_VERSION = 4.0;
				TARGETED_DEVICE_FAMILY = "1,2";
			};
			name = Release;
		};
		3745E1F320169C450022C188 /* Debug */ = {
			isa = XCBuildConfiguration;
			buildSettings = {
				ALWAYS_EMBED_SWIFT_STANDARD_LIBRARIES = YES;
				BUNDLE_LOADER = "$(TEST_HOST)";
				CODE_SIGN_STYLE = Automatic;
				DEVELOPMENT_TEAM = CW3MX3HAZP;
				INFOPLIST_FILE = ModelsTests/Info.plist;
				LD_RUNPATH_SEARCH_PATHS = "$(inherited) @executable_path/Frameworks @loader_path/Frameworks";
				PRODUCT_BUNDLE_IDENTIFIER = com.hardingmatt.ModelsTests;
				PRODUCT_NAME = "$(TARGET_NAME)";
				SWIFT_VERSION = 4.0;
				TARGETED_DEVICE_FAMILY = "1,2";
				TEST_HOST = "$(BUILT_PRODUCTS_DIR)/Models.app/Models";
			};
			name = Debug;
		};
		3745E1F420169C450022C188 /* Release */ = {
			isa = XCBuildConfiguration;
			buildSettings = {
				ALWAYS_EMBED_SWIFT_STANDARD_LIBRARIES = YES;
				BUNDLE_LOADER = "$(TEST_HOST)";
				CODE_SIGN_STYLE = Automatic;
				DEVELOPMENT_TEAM = CW3MX3HAZP;
				INFOPLIST_FILE = ModelsTests/Info.plist;
				LD_RUNPATH_SEARCH_PATHS = "$(inherited) @executable_path/Frameworks @loader_path/Frameworks";
				PRODUCT_BUNDLE_IDENTIFIER = com.hardingmatt.ModelsTests;
				PRODUCT_NAME = "$(TARGET_NAME)";
				SWIFT_VERSION = 4.0;
				TARGETED_DEVICE_FAMILY = "1,2";
				TEST_HOST = "$(BUILT_PRODUCTS_DIR)/Models.app/Models";
			};
			name = Release;
		};
		3745E1F620169C450022C188 /* Debug */ = {
			isa = XCBuildConfiguration;
			buildSettings = {
				ALWAYS_EMBED_SWIFT_STANDARD_LIBRARIES = YES;
				CODE_SIGN_STYLE = Automatic;
				DEVELOPMENT_TEAM = CW3MX3HAZP;
				INFOPLIST_FILE = ModelsUITests/Info.plist;
				LD_RUNPATH_SEARCH_PATHS = "$(inherited) @executable_path/Frameworks @loader_path/Frameworks";
				PRODUCT_BUNDLE_IDENTIFIER = com.hardingmatt.ModelsUITests;
				PRODUCT_NAME = "$(TARGET_NAME)";
				SWIFT_VERSION = 4.0;
				TARGETED_DEVICE_FAMILY = "1,2";
				TEST_TARGET_NAME = Models;
			};
			name = Debug;
		};
		3745E1F720169C450022C188 /* Release */ = {
			isa = XCBuildConfiguration;
			buildSettings = {
				ALWAYS_EMBED_SWIFT_STANDARD_LIBRARIES = YES;
				CODE_SIGN_STYLE = Automatic;
				DEVELOPMENT_TEAM = CW3MX3HAZP;
				INFOPLIST_FILE = ModelsUITests/Info.plist;
				LD_RUNPATH_SEARCH_PATHS = "$(inherited) @executable_path/Frameworks @loader_path/Frameworks";
				PRODUCT_BUNDLE_IDENTIFIER = com.hardingmatt.ModelsUITests;
				PRODUCT_NAME = "$(TARGET_NAME)";
				SWIFT_VERSION = 4.0;
				TARGETED_DEVICE_FAMILY = "1,2";
				TEST_TARGET_NAME = Models;
			};
			name = Release;
		};
/* End XCBuildConfiguration section */

/* Begin XCConfigurationList section */
		3745E1C020169C450022C188 /* Build configuration list for PBXProject "Models" */ = {
			isa = XCConfigurationList;
			buildConfigurations = (
				3745E1ED20169C450022C188 /* Debug */,
				3745E1EE20169C450022C188 /* Release */,
			);
			defaultConfigurationIsVisible = 0;
			defaultConfigurationName = Release;
		};
		3745E1EF20169C450022C188 /* Build configuration list for PBXNativeTarget "Models" */ = {
			isa = XCConfigurationList;
			buildConfigurations = (
				3745E1F020169C450022C188 /* Debug */,
				3745E1F120169C450022C188 /* Release */,
			);
			defaultConfigurationIsVisible = 0;
			defaultConfigurationName = Release;
		};
		3745E1F220169C450022C188 /* Build configuration list for PBXNativeTarget "ModelsTests" */ = {
			isa = XCConfigurationList;
			buildConfigurations = (
				3745E1F320169C450022C188 /* Debug */,
				3745E1F420169C450022C188 /* Release */,
			);
			defaultConfigurationIsVisible = 0;
			defaultConfigurationName = Release;
		};
		3745E1F520169C450022C188 /* Build configuration list for PBXNativeTarget "ModelsUITests" */ = {
			isa = XCConfigurationList;
			buildConfigurations = (
				3745E1F620169C450022C188 /* Debug */,
				3745E1F720169C450022C188 /* Release */,
			);
			defaultConfigurationIsVisible = 0;
			defaultConfigurationName = Release;
		};
/* End XCConfigurationList section */
	};
	rootObject = 3745E1BD20169C450022C188 /* Project object */;
}
