// !$*UTF8*$!
{
	archiveVersion = 1;
	classes = {
	};
	objectVersion = 48;
	objects = {

/* Begin PBXBuildFile section */
		3745E18A20166CC00022C188 /* AppDelegate.swift in Sources */ = {isa = PBXBuildFile; fileRef = 3745E18920166CC00022C188 /* AppDelegate.swift */; };
		3745E18C20166CC00022C188 /* ViewController.swift in Sources */ = {isa = PBXBuildFile; fileRef = 3745E18B20166CC00022C188 /* ViewController.swift */; };
		3745E18F20166CC00022C188 /* Main.storyboard in Resources */ = {isa = PBXBuildFile; fileRef = 3745E18D20166CC00022C188 /* Main.storyboard */; };
		3745E19220166CC00022C188 /* Planets.xcdatamodeld in Sources */ = {isa = PBXBuildFile; fileRef = 3745E19020166CC00022C188 /* Planets.xcdatamodeld */; };
		3745E19420166CC00022C188 /* Assets.xcassets in Resources */ = {isa = PBXBuildFile; fileRef = 3745E19320166CC00022C188 /* Assets.xcassets */; };
		3745E19720166CC00022C188 /* LaunchScreen.storyboard in Resources */ = {isa = PBXBuildFile; fileRef = 3745E19520166CC00022C188 /* LaunchScreen.storyboard */; };
		3745E1A220166CC00022C188 /* PlanetsTests.swift in Sources */ = {isa = PBXBuildFile; fileRef = 3745E1A120166CC00022C188 /* PlanetsTests.swift */; };
		3745E1AD20166CC00022C188 /* PlanetsUITests.swift in Sources */ = {isa = PBXBuildFile; fileRef = 3745E1AC20166CC00022C188 /* PlanetsUITests.swift */; };
		3745E1BB2016712B0022C188 /* Planet.swift in Sources */ = {isa = PBXBuildFile; fileRef = 3745E1BA2016712B0022C188 /* Planet.swift */; };
/* End PBXBuildFile section */

/* Begin PBXContainerItemProxy section */
		3745E19E20166CC00022C188 /* PBXContainerItemProxy */ = {
			isa = PBXContainerItemProxy;
			containerPortal = 3745E17E20166CC00022C188 /* Project object */;
			proxyType = 1;
			remoteGlobalIDString = 3745E18520166CC00022C188;
			remoteInfo = Planets;
		};
		3745E1A920166CC00022C188 /* PBXContainerItemProxy */ = {
			isa = PBXContainerItemProxy;
			containerPortal = 3745E17E20166CC00022C188 /* Project object */;
			proxyType = 1;
			remoteGlobalIDString = 3745E18520166CC00022C188;
			remoteInfo = Planets;
		};
/* End PBXContainerItemProxy section */

/* Begin PBXFileReference section */
		3745E18620166CC00022C188 /* Planets.app */ = {isa = PBXFileReference; explicitFileType = wrapper.application; includeInIndex = 0; path = Planets.app; sourceTree = BUILT_PRODUCTS_DIR; };
		3745E18920166CC00022C188 /* AppDelegate.swift */ = {isa = PBXFileReference; lastKnownFileType = sourcecode.swift; path = AppDelegate.swift; sourceTree = "<group>"; };
		3745E18B20166CC00022C188 /* ViewController.swift */ = {isa = PBXFileReference; lastKnownFileType = sourcecode.swift; path = ViewController.swift; sourceTree = "<group>"; };
		3745E18E20166CC00022C188 /* Base */ = {isa = PBXFileReference; lastKnownFileType = file.storyboard; name = Base; path = Base.lproj/Main.storyboard; sourceTree = "<group>"; };
		3745E19120166CC00022C188 /* Planets.xcdatamodel */ = {isa = PBXFileReference; lastKnownFileType = wrapper.xcdatamodel; path = Planets.xcdatamodel; sourceTree = "<group>"; };
		3745E19320166CC00022C188 /* Assets.xcassets */ = {isa = PBXFileReference; lastKnownFileType = folder.assetcatalog; path = Assets.xcassets; sourceTree = "<group>"; };
		3745E19620166CC00022C188 /* Base */ = {isa = PBXFileReference; lastKnownFileType = file.storyboard; name = Base; path = Base.lproj/LaunchScreen.storyboard; sourceTree = "<group>"; };
		3745E19820166CC00022C188 /* Info.plist */ = {isa = PBXFileReference; lastKnownFileType = text.plist.xml; path = Info.plist; sourceTree = "<group>"; };
		3745E19D20166CC00022C188 /* PlanetsTests.xctest */ = {isa = PBXFileReference; explicitFileType = wrapper.cfbundle; includeInIndex = 0; path = PlanetsTests.xctest; sourceTree = BUILT_PRODUCTS_DIR; };
		3745E1A120166CC00022C188 /* PlanetsTests.swift */ = {isa = PBXFileReference; lastKnownFileType = sourcecode.swift; path = PlanetsTests.swift; sourceTree = "<group>"; };
		3745E1A320166CC00022C188 /* Info.plist */ = {isa = PBXFileReference; lastKnownFileType = text.plist.xml; path = Info.plist; sourceTree = "<group>"; };
		3745E1A820166CC00022C188 /* PlanetsUITests.xctest */ = {isa = PBXFileReference; explicitFileType = wrapper.cfbundle; includeInIndex = 0; path = PlanetsUITests.xctest; sourceTree = BUILT_PRODUCTS_DIR; };
		3745E1AC20166CC00022C188 /* PlanetsUITests.swift */ = {isa = PBXFileReference; lastKnownFileType = sourcecode.swift; path = PlanetsUITests.swift; sourceTree = "<group>"; };
		3745E1AE20166CC00022C188 /* Info.plist */ = {isa = PBXFileReference; lastKnownFileType = text.plist.xml; path = Info.plist; sourceTree = "<group>"; };
		3745E1BA2016712B0022C188 /* Planet.swift */ = {isa = PBXFileReference; lastKnownFileType = sourcecode.swift; path = Planet.swift; sourceTree = "<group>"; };
/* End PBXFileReference section */

/* Begin PBXFrameworksBuildPhase section */
		3745E18320166CC00022C188 /* Frameworks */ = {
			isa = PBXFrameworksBuildPhase;
			buildActionMask = 2147483647;
			files = (
			);
			runOnlyForDeploymentPostprocessing = 0;
		};
		3745E19A20166CC00022C188 /* Frameworks */ = {
			isa = PBXFrameworksBuildPhase;
			buildActionMask = 2147483647;
			files = (
			);
			runOnlyForDeploymentPostprocessing = 0;
		};
		3745E1A520166CC00022C188 /* Frameworks */ = {
			isa = PBXFrameworksBuildPhase;
			buildActionMask = 2147483647;
			files = (
			);
			runOnlyForDeploymentPostprocessing = 0;
		};
/* End PBXFrameworksBuildPhase section */

/* Begin PBXGroup section */
		3745E17D20166CC00022C188 = {
			isa = PBXGroup;
			children = (
				3745E18820166CC00022C188 /* Planets */,
				3745E1A020166CC00022C188 /* PlanetsTests */,
				3745E1AB20166CC00022C188 /* PlanetsUITests */,
				3745E18720166CC00022C188 /* Products */,
			);
			sourceTree = "<group>";
		};
		3745E18720166CC00022C188 /* Products */ = {
			isa = PBXGroup;
			children = (
				3745E18620166CC00022C188 /* Planets.app */,
				3745E19D20166CC00022C188 /* PlanetsTests.xctest */,
				3745E1A820166CC00022C188 /* PlanetsUITests.xctest */,
			);
			name = Products;
			sourceTree = "<group>";
		};
		3745E18820166CC00022C188 /* Planets */ = {
			isa = PBXGroup;
			children = (
				3745E18920166CC00022C188 /* AppDelegate.swift */,
				3745E18B20166CC00022C188 /* ViewController.swift */,
				3745E18D20166CC00022C188 /* Main.storyboard */,
				3745E19320166CC00022C188 /* Assets.xcassets */,
				3745E19520166CC00022C188 /* LaunchScreen.storyboard */,
				3745E19820166CC00022C188 /* Info.plist */,
				3745E19020166CC00022C188 /* Planets.xcdatamodeld */,
				3745E1BA2016712B0022C188 /* Planet.swift */,
			);
			path = Planets;
			sourceTree = "<group>";
		};
		3745E1A020166CC00022C188 /* PlanetsTests */ = {
			isa = PBXGroup;
			children = (
				3745E1A120166CC00022C188 /* PlanetsTests.swift */,
				3745E1A320166CC00022C188 /* Info.plist */,
			);
			path = PlanetsTests;
			sourceTree = "<group>";
		};
		3745E1AB20166CC00022C188 /* PlanetsUITests */ = {
			isa = PBXGroup;
			children = (
				3745E1AC20166CC00022C188 /* PlanetsUITests.swift */,
				3745E1AE20166CC00022C188 /* Info.plist */,
			);
			path = PlanetsUITests;
			sourceTree = "<group>";
		};
/* End PBXGroup section */

/* Begin PBXNativeTarget section */
		3745E18520166CC00022C188 /* Planets */ = {
			isa = PBXNativeTarget;
			buildConfigurationList = 3745E1B120166CC00022C188 /* Build configuration list for PBXNativeTarget "Planets" */;
			buildPhases = (
				3745E18220166CC00022C188 /* Sources */,
				3745E18320166CC00022C188 /* Frameworks */,
				3745E18420166CC00022C188 /* Resources */,
			);
			buildRules = (
			);
			dependencies = (
			);
			name = Planets;
			productName = Planets;
			productReference = 3745E18620166CC00022C188 /* Planets.app */;
			productType = "com.apple.product-type.application";
		};
		3745E19C20166CC00022C188 /* PlanetsTests */ = {
			isa = PBXNativeTarget;
			buildConfigurationList = 3745E1B420166CC00022C188 /* Build configuration list for PBXNativeTarget "PlanetsTests" */;
			buildPhases = (
				3745E19920166CC00022C188 /* Sources */,
				3745E19A20166CC00022C188 /* Frameworks */,
				3745E19B20166CC00022C188 /* Resources */,
			);
			buildRules = (
			);
			dependencies = (
				3745E19F20166CC00022C188 /* PBXTargetDependency */,
			);
			name = PlanetsTests;
			productName = PlanetsTests;
			productReference = 3745E19D20166CC00022C188 /* PlanetsTests.xctest */;
			productType = "com.apple.product-type.bundle.unit-test";
		};
		3745E1A720166CC00022C188 /* PlanetsUITests */ = {
			isa = PBXNativeTarget;
			buildConfigurationList = 3745E1B720166CC00022C188 /* Build configuration list for PBXNativeTarget "PlanetsUITests" */;
			buildPhases = (
				3745E1A420166CC00022C188 /* Sources */,
				3745E1A520166CC00022C188 /* Frameworks */,
				3745E1A620166CC00022C188 /* Resources */,
			);
			buildRules = (
			);
			dependencies = (
				3745E1AA20166CC00022C188 /* PBXTargetDependency */,
			);
			name = PlanetsUITests;
			productName = PlanetsUITests;
			productReference = 3745E1A820166CC00022C188 /* PlanetsUITests.xctest */;
			productType = "com.apple.product-type.bundle.ui-testing";
		};
/* End PBXNativeTarget section */

/* Begin PBXProject section */
		3745E17E20166CC00022C188 /* Project object */ = {
			isa = PBXProject;
			attributes = {
				LastSwiftUpdateCheck = 0920;
				LastUpgradeCheck = 0920;
				ORGANIZATIONNAME = "Matt Harding";
				TargetAttributes = {
					3745E18520166CC00022C188 = {
						CreatedOnToolsVersion = 9.2;
						ProvisioningStyle = Automatic;
					};
					3745E19C20166CC00022C188 = {
						CreatedOnToolsVersion = 9.2;
						ProvisioningStyle = Automatic;
						TestTargetID = 3745E18520166CC00022C188;
					};
					3745E1A720166CC00022C188 = {
						CreatedOnToolsVersion = 9.2;
						ProvisioningStyle = Automatic;
						TestTargetID = 3745E18520166CC00022C188;
					};
				};
			};
			buildConfigurationList = 3745E18120166CC00022C188 /* Build configuration list for PBXProject "Planets" */;
			compatibilityVersion = "Xcode 8.0";
			developmentRegion = en;
			hasScannedForEncodings = 0;
			knownRegions = (
				en,
				Base,
			);
			mainGroup = 3745E17D20166CC00022C188;
			productRefGroup = 3745E18720166CC00022C188 /* Products */;
			projectDirPath = "";
			projectRoot = "";
			targets = (
				3745E18520166CC00022C188 /* Planets */,
				3745E19C20166CC00022C188 /* PlanetsTests */,
				3745E1A720166CC00022C188 /* PlanetsUITests */,
			);
		};
/* End PBXProject section */

/* Begin PBXResourcesBuildPhase section */
		3745E18420166CC00022C188 /* Resources */ = {
			isa = PBXResourcesBuildPhase;
			buildActionMask = 2147483647;
			files = (
				3745E19720166CC00022C188 /* LaunchScreen.storyboard in Resources */,
				3745E19420166CC00022C188 /* Assets.xcassets in Resources */,
				3745E18F20166CC00022C188 /* Main.storyboard in Resources */,
			);
			runOnlyForDeploymentPostprocessing = 0;
		};
		3745E19B20166CC00022C188 /* Resources */ = {
			isa = PBXResourcesBuildPhase;
			buildActionMask = 2147483647;
			files = (
			);
			runOnlyForDeploymentPostprocessing = 0;
		};
		3745E1A620166CC00022C188 /* Resources */ = {
			isa = PBXResourcesBuildPhase;
			buildActionMask = 2147483647;
			files = (
			);
			runOnlyForDeploymentPostprocessing = 0;
		};
/* End PBXResourcesBuildPhase section */

/* Begin PBXSourcesBuildPhase section */
		3745E18220166CC00022C188 /* Sources */ = {
			isa = PBXSourcesBuildPhase;
			buildActionMask = 2147483647;
			files = (
				3745E19220166CC00022C188 /* Planets.xcdatamodeld in Sources */,
				3745E18C20166CC00022C188 /* ViewController.swift in Sources */,
				3745E18A20166CC00022C188 /* AppDelegate.swift in Sources */,
				3745E1BB2016712B0022C188 /* Planet.swift in Sources */,
			);
			runOnlyForDeploymentPostprocessing = 0;
		};
		3745E19920166CC00022C188 /* Sources */ = {
			isa = PBXSourcesBuildPhase;
			buildActionMask = 2147483647;
			files = (
				3745E1A220166CC00022C188 /* PlanetsTests.swift in Sources */,
			);
			runOnlyForDeploymentPostprocessing = 0;
		};
		3745E1A420166CC00022C188 /* Sources */ = {
			isa = PBXSourcesBuildPhase;
			buildActionMask = 2147483647;
			files = (
				3745E1AD20166CC00022C188 /* PlanetsUITests.swift in Sources */,
			);
			runOnlyForDeploymentPostprocessing = 0;
		};
/* End PBXSourcesBuildPhase section */

/* Begin PBXTargetDependency section */
		3745E19F20166CC00022C188 /* PBXTargetDependency */ = {
			isa = PBXTargetDependency;
			target = 3745E18520166CC00022C188 /* Planets */;
			targetProxy = 3745E19E20166CC00022C188 /* PBXContainerItemProxy */;
		};
		3745E1AA20166CC00022C188 /* PBXTargetDependency */ = {
			isa = PBXTargetDependency;
			target = 3745E18520166CC00022C188 /* Planets */;
			targetProxy = 3745E1A920166CC00022C188 /* PBXContainerItemProxy */;
		};
/* End PBXTargetDependency section */

/* Begin PBXVariantGroup section */
		3745E18D20166CC00022C188 /* Main.storyboard */ = {
			isa = PBXVariantGroup;
			children = (
				3745E18E20166CC00022C188 /* Base */,
			);
			name = Main.storyboard;
			sourceTree = "<group>";
		};
		3745E19520166CC00022C188 /* LaunchScreen.storyboard */ = {
			isa = PBXVariantGroup;
			children = (
				3745E19620166CC00022C188 /* Base */,
			);
			name = LaunchScreen.storyboard;
			sourceTree = "<group>";
		};
/* End PBXVariantGroup section */

/* Begin XCBuildConfiguration section */
		3745E1AF20166CC00022C188 /* Debug */ = {
			isa = XCBuildConfiguration;
			buildSettings = {
				ALWAYS_SEARCH_USER_PATHS = NO;
				CLANG_ANALYZER_NONNULL = YES;
				CLANG_ANALYZER_NUMBER_OBJECT_CONVERSION = YES_AGGRESSIVE;
				CLANG_CXX_LANGUAGE_STANDARD = "gnu++14";
				CLANG_CXX_LIBRARY = "libc++";
				CLANG_ENABLE_MODULES = YES;
				CLANG_ENABLE_OBJC_ARC = YES;
				CLANG_WARN_BLOCK_CAPTURE_AUTORELEASING = YES;
				CLANG_WARN_BOOL_CONVERSION = YES;
				CLANG_WARN_COMMA = YES;
				CLANG_WARN_CONSTANT_CONVERSION = YES;
				CLANG_WARN_DIRECT_OBJC_ISA_USAGE = YES_ERROR;
				CLANG_WARN_DOCUMENTATION_COMMENTS = YES;
				CLANG_WARN_EMPTY_BODY = YES;
				CLANG_WARN_ENUM_CONVERSION = YES;
				CLANG_WARN_INFINITE_RECURSION = YES;
				CLANG_WARN_INT_CONVERSION = YES;
				CLANG_WARN_NON_LITERAL_NULL_CONVERSION = YES;
				CLANG_WARN_OBJC_LITERAL_CONVERSION = YES;
				CLANG_WARN_OBJC_ROOT_CLASS = YES_ERROR;
				CLANG_WARN_RANGE_LOOP_ANALYSIS = YES;
				CLANG_WARN_STRICT_PROTOTYPES = YES;
				CLANG_WARN_SUSPICIOUS_MOVE = YES;
				CLANG_WARN_UNGUARDED_AVAILABILITY = YES_AGGRESSIVE;
				CLANG_WARN_UNREACHABLE_CODE = YES;
				CLANG_WARN__DUPLICATE_METHOD_MATCH = YES;
				CODE_SIGN_IDENTITY = "iPhone Developer";
				COPY_PHASE_STRIP = NO;
				DEBUG_INFORMATION_FORMAT = dwarf;
				ENABLE_STRICT_OBJC_MSGSEND = YES;
				ENABLE_TESTABILITY = YES;
				GCC_C_LANGUAGE_STANDARD = gnu11;
				GCC_DYNAMIC_NO_PIC = NO;
				GCC_NO_COMMON_BLOCKS = YES;
				GCC_OPTIMIZATION_LEVEL = 0;
				GCC_PREPROCESSOR_DEFINITIONS = (
					"DEBUG=1",
					"$(inherited)",
				);
				GCC_WARN_64_TO_32_BIT_CONVERSION = YES;
				GCC_WARN_ABOUT_RETURN_TYPE = YES_ERROR;
				GCC_WARN_UNDECLARED_SELECTOR = YES;
				GCC_WARN_UNINITIALIZED_AUTOS = YES_AGGRESSIVE;
				GCC_WARN_UNUSED_FUNCTION = YES;
				GCC_WARN_UNUSED_VARIABLE = YES;
				IPHONEOS_DEPLOYMENT_TARGET = 11.2;
				MTL_ENABLE_DEBUG_INFO = YES;
				ONLY_ACTIVE_ARCH = YES;
				SDKROOT = iphoneos;
				SWIFT_ACTIVE_COMPILATION_CONDITIONS = DEBUG;
				SWIFT_OPTIMIZATION_LEVEL = "-Onone";
			};
			name = Debug;
		};
		3745E1B020166CC00022C188 /* Release */ = {
			isa = XCBuildConfiguration;
			buildSettings = {
				ALWAYS_SEARCH_USER_PATHS = NO;
				CLANG_ANALYZER_NONNULL = YES;
				CLANG_ANALYZER_NUMBER_OBJECT_CONVERSION = YES_AGGRESSIVE;
				CLANG_CXX_LANGUAGE_STANDARD = "gnu++14";
				CLANG_CXX_LIBRARY = "libc++";
				CLANG_ENABLE_MODULES = YES;
				CLANG_ENABLE_OBJC_ARC = YES;
				CLANG_WARN_BLOCK_CAPTURE_AUTORELEASING = YES;
				CLANG_WARN_BOOL_CONVERSION = YES;
				CLANG_WARN_COMMA = YES;
				CLANG_WARN_CONSTANT_CONVERSION = YES;
				CLANG_WARN_DIRECT_OBJC_ISA_USAGE = YES_ERROR;
				CLANG_WARN_DOCUMENTATION_COMMENTS = YES;
				CLANG_WARN_EMPTY_BODY = YES;
				CLANG_WARN_ENUM_CONVERSION = YES;
				CLANG_WARN_INFINITE_RECURSION = YES;
				CLANG_WARN_INT_CONVERSION = YES;
				CLANG_WARN_NON_LITERAL_NULL_CONVERSION = YES;
				CLANG_WARN_OBJC_LITERAL_CONVERSION = YES;
				CLANG_WARN_OBJC_ROOT_CLASS = YES_ERROR;
				CLANG_WARN_RANGE_LOOP_ANALYSIS = YES;
				CLANG_WARN_STRICT_PROTOTYPES = YES;
				CLANG_WARN_SUSPICIOUS_MOVE = YES;
				CLANG_WARN_UNGUARDED_AVAILABILITY = YES_AGGRESSIVE;
				CLANG_WARN_UNREACHABLE_CODE = YES;
				CLANG_WARN__DUPLICATE_METHOD_MATCH = YES;
				CODE_SIGN_IDENTITY = "iPhone Developer";
				COPY_PHASE_STRIP = NO;
				DEBUG_INFORMATION_FORMAT = "dwarf-with-dsym";
				ENABLE_NS_ASSERTIONS = NO;
				ENABLE_STRICT_OBJC_MSGSEND = YES;
				GCC_C_LANGUAGE_STANDARD = gnu11;
				GCC_NO_COMMON_BLOCKS = YES;
				GCC_WARN_64_TO_32_BIT_CONVERSION = YES;
				GCC_WARN_ABOUT_RETURN_TYPE = YES_ERROR;
				GCC_WARN_UNDECLARED_SELECTOR = YES;
				GCC_WARN_UNINITIALIZED_AUTOS = YES_AGGRESSIVE;
				GCC_WARN_UNUSED_FUNCTION = YES;
				GCC_WARN_UNUSED_VARIABLE = YES;
				IPHONEOS_DEPLOYMENT_TARGET = 11.2;
				MTL_ENABLE_DEBUG_INFO = NO;
				SDKROOT = iphoneos;
				SWIFT_OPTIMIZATION_LEVEL = "-Owholemodule";
				VALIDATE_PRODUCT = YES;
			};
			name = Release;
		};
		3745E1B220166CC00022C188 /* Debug */ = {
			isa = XCBuildConfiguration;
			buildSettings = {
				ASSETCATALOG_COMPILER_APPICON_NAME = "AppIcon-1";
				CODE_SIGN_STYLE = Automatic;
				DEVELOPMENT_TEAM = CW3MX3HAZP;
				INFOPLIST_FILE = Planets/Info.plist;
				LD_RUNPATH_SEARCH_PATHS = "$(inherited) @executable_path/Frameworks";
				PRODUCT_BUNDLE_IDENTIFIER = com.hardingmatt.planets;
				PRODUCT_NAME = "$(TARGET_NAME)";
				SWIFT_VERSION = 4.0;
				TARGETED_DEVICE_FAMILY = "1,2";
			};
			name = Debug;
		};
		3745E1B320166CC00022C188 /* Release */ = {
			isa = XCBuildConfiguration;
			buildSettings = {
				ASSETCATALOG_COMPILER_APPICON_NAME = "AppIcon-1";
				CODE_SIGN_STYLE = Automatic;
				DEVELOPMENT_TEAM = CW3MX3HAZP;
				INFOPLIST_FILE = Planets/Info.plist;
				LD_RUNPATH_SEARCH_PATHS = "$(inherited) @executable_path/Frameworks";
				PRODUCT_BUNDLE_IDENTIFIER = com.hardingmatt.planets;
				PRODUCT_NAME = "$(TARGET_NAME)";
				SWIFT_VERSION = 4.0;
				TARGETED_DEVICE_FAMILY = "1,2";
			};
			name = Release;
		};
		3745E1B520166CC00022C188 /* Debug */ = {
			isa = XCBuildConfiguration;
			buildSettings = {
				ALWAYS_EMBED_SWIFT_STANDARD_LIBRARIES = YES;
				BUNDLE_LOADER = "$(TEST_HOST)";
				CODE_SIGN_STYLE = Automatic;
				DEVELOPMENT_TEAM = CW3MX3HAZP;
				INFOPLIST_FILE = PlanetsTests/Info.plist;
				LD_RUNPATH_SEARCH_PATHS = "$(inherited) @executable_path/Frameworks @loader_path/Frameworks";
				PRODUCT_BUNDLE_IDENTIFIER = "Matt-Harding.PlanetsTests";
				PRODUCT_NAME = "$(TARGET_NAME)";
				SWIFT_VERSION = 4.0;
				TARGETED_DEVICE_FAMILY = "1,2";
				TEST_HOST = "$(BUILT_PRODUCTS_DIR)/Planets.app/Planets";
			};
			name = Debug;
		};
		3745E1B620166CC00022C188 /* Release */ = {
			isa = XCBuildConfiguration;
			buildSettings = {
				ALWAYS_EMBED_SWIFT_STANDARD_LIBRARIES = YES;
				BUNDLE_LOADER = "$(TEST_HOST)";
				CODE_SIGN_STYLE = Automatic;
				DEVELOPMENT_TEAM = CW3MX3HAZP;
				INFOPLIST_FILE = PlanetsTests/Info.plist;
				LD_RUNPATH_SEARCH_PATHS = "$(inherited) @executable_path/Frameworks @loader_path/Frameworks";
				PRODUCT_BUNDLE_IDENTIFIER = "Matt-Harding.PlanetsTests";
				PRODUCT_NAME = "$(TARGET_NAME)";
				SWIFT_VERSION = 4.0;
				TARGETED_DEVICE_FAMILY = "1,2";
				TEST_HOST = "$(BUILT_PRODUCTS_DIR)/Planets.app/Planets";
			};
			name = Release;
		};
		3745E1B820166CC00022C188 /* Debug */ = {
			isa = XCBuildConfiguration;
			buildSettings = {
				ALWAYS_EMBED_SWIFT_STANDARD_LIBRARIES = YES;
				CODE_SIGN_STYLE = Automatic;
				DEVELOPMENT_TEAM = CW3MX3HAZP;
				INFOPLIST_FILE = PlanetsUITests/Info.plist;
				LD_RUNPATH_SEARCH_PATHS = "$(inherited) @executable_path/Frameworks @loader_path/Frameworks";
				PRODUCT_BUNDLE_IDENTIFIER = "Matt-Harding.PlanetsUITests";
				PRODUCT_NAME = "$(TARGET_NAME)";
				SWIFT_VERSION = 4.0;
				TARGETED_DEVICE_FAMILY = "1,2";
				TEST_TARGET_NAME = Planets;
			};
			name = Debug;
		};
		3745E1B920166CC00022C188 /* Release */ = {
			isa = XCBuildConfiguration;
			buildSettings = {
				ALWAYS_EMBED_SWIFT_STANDARD_LIBRARIES = YES;
				CODE_SIGN_STYLE = Automatic;
				DEVELOPMENT_TEAM = CW3MX3HAZP;
				INFOPLIST_FILE = PlanetsUITests/Info.plist;
				LD_RUNPATH_SEARCH_PATHS = "$(inherited) @executable_path/Frameworks @loader_path/Frameworks";
				PRODUCT_BUNDLE_IDENTIFIER = "Matt-Harding.PlanetsUITests";
				PRODUCT_NAME = "$(TARGET_NAME)";
				SWIFT_VERSION = 4.0;
				TARGETED_DEVICE_FAMILY = "1,2";
				TEST_TARGET_NAME = Planets;
			};
			name = Release;
		};
/* End XCBuildConfiguration section */

/* Begin XCConfigurationList section */
		3745E18120166CC00022C188 /* Build configuration list for PBXProject "Planets" */ = {
			isa = XCConfigurationList;
			buildConfigurations = (
				3745E1AF20166CC00022C188 /* Debug */,
				3745E1B020166CC00022C188 /* Release */,
			);
			defaultConfigurationIsVisible = 0;
			defaultConfigurationName = Release;
		};
		3745E1B120166CC00022C188 /* Build configuration list for PBXNativeTarget "Planets" */ = {
			isa = XCConfigurationList;
			buildConfigurations = (
				3745E1B220166CC00022C188 /* Debug */,
				3745E1B320166CC00022C188 /* Release */,
			);
			defaultConfigurationIsVisible = 0;
			defaultConfigurationName = Release;
		};
		3745E1B420166CC00022C188 /* Build configuration list for PBXNativeTarget "PlanetsTests" */ = {
			isa = XCConfigurationList;
			buildConfigurations = (
				3745E1B520166CC00022C188 /* Debug */,
				3745E1B620166CC00022C188 /* Release */,
			);
			defaultConfigurationIsVisible = 0;
			defaultConfigurationName = Release;
		};
		3745E1B720166CC00022C188 /* Build configuration list for PBXNativeTarget "PlanetsUITests" */ = {
			isa = XCConfigurationList;
			buildConfigurations = (
				3745E1B820166CC00022C188 /* Debug */,
				3745E1B920166CC00022C188 /* Release */,
			);
			defaultConfigurationIsVisible = 0;
			defaultConfigurationName = Release;
		};
/* End XCConfigurationList section */

/* Begin XCVersionGroup section */
		3745E19020166CC00022C188 /* Planets.xcdatamodeld */ = {
			isa = XCVersionGroup;
			children = (
				3745E19120166CC00022C188 /* Planets.xcdatamodel */,
			);
			currentVersion = 3745E19120166CC00022C188 /* Planets.xcdatamodel */;
			path = Planets.xcdatamodeld;
			sourceTree = "<group>";
			versionGroupType = wrapper.xcdatamodel;
		};
/* End XCVersionGroup section */
	};
	rootObject = 3745E17E20166CC00022C188 /* Project object */;
}
